
Microsoft Visual Studio Solution File, Format Version 12.00
# Visual Studio Version 17
VisualStudioVersion = 17.6.33723.286
MinimumVisualStudioVersion = 10.0.40219.1
Project("{2150E333-8FDC-42A3-9474-1A3956D46DE8}") = "Src", "Src", "{5B86E2C8-38BD-43F3-BD62-F8EE5B5536DF}"
EndProject
Project("{2150E333-8FDC-42A3-9474-1A3956D46DE8}") = "ApiGateway", "ApiGateway", "{047DB9FB-B1BC-445A-895F-D2D865079DF2}"
EndProject
Project("{2150E333-8FDC-42A3-9474-1A3956D46DE8}") = "WebApp", "WebApp", "{DD507060-B8F8-4EE7-8158-FB8E5929231E}"
EndProject
Project("{2150E333-8FDC-42A3-9474-1A3956D46DE8}") = "Services", "Services", "{1B3F886D-FFF8-4B7C-A79C-FC15AFF57F5D}"
EndProject
Project("{2150E333-8FDC-42A3-9474-1A3956D46DE8}") = "Sourcing", "Sourcing", "{1AFF56F8-8BD0-4FFC-A667-8B30CDFF3459}"
EndProject
Project("{2150E333-8FDC-42A3-9474-1A3956D46DE8}") = "Products", "Products", "{03950A12-BF62-48CA-8621-CEFC041E1152}"
EndProject
Project("{2150E333-8FDC-42A3-9474-1A3956D46DE8}") = "Common", "Common", "{F2B3992A-97C2-4200-80CC-0548ED6C0168}"
EndProject
Project("{2150E333-8FDC-42A3-9474-1A3956D46DE8}") = "Order", "Order", "{89A7BC74-0753-4647-8F33-7268ACEC343F}"
EndProject
Project("{9A19103F-16F7-4668-BE54-9A1E7A4F7556}") = "ESourcing.Products", "ESourcing.Products\ESourcing.Products.csproj", "{3399E0C2-75AD-41DE-8DF7-71B47B536347}"
EndProject
Project("{E53339B2-1760-4266-BCC7-CA923CBCF16C}") = "docker-compose", "docker-compose.dcproj", "{26914580-0555-4CB6-B1C9-91CCB1A7B46D}"
EndProject
Project("{FAE04EC0-301F-11D3-BF4B-00C04F79EFBC}") = "ESourcing.sourcing", "ESourcing.sourcing\ESourcing.sourcing.csproj", "{B4E7456E-85D3-4012-B7F3-9F1E360BFEBD}"
EndProject
Global
	GlobalSection(SolutionConfigurationPlatforms) = preSolution
		Debug|Any CPU = Debug|Any CPU
		Release|Any CPU = Release|Any CPU
	EndGlobalSection
	GlobalSection(ProjectConfigurationPlatforms) = postSolution
		{3399E0C2-75AD-41DE-8DF7-71B47B536347}.Debug|Any CPU.ActiveCfg = Debug|Any CPU
		{3399E0C2-75AD-41DE-8DF7-71B47B536347}.Debug|Any CPU.Build.0 = Debug|Any CPU
		{3399E0C2-75AD-41DE-8DF7-71B47B536347}.Release|Any CPU.ActiveCfg = Release|Any CPU
		{3399E0C2-75AD-41DE-8DF7-71B47B536347}.Release|Any CPU.Build.0 = Release|Any CPU
		{26914580-0555-4CB6-B1C9-91CCB1A7B46D}.Debug|Any CPU.ActiveCfg = Debug|Any CPU
		{26914580-0555-4CB6-B1C9-91CCB1A7B46D}.Debug|Any CPU.Build.0 = Debug|Any CPU
		{26914580-0555-4CB6-B1C9-91CCB1A7B46D}.Release|Any CPU.ActiveCfg = Release|Any CPU
		{26914580-0555-4CB6-B1C9-91CCB1A7B46D}.Release|Any CPU.Build.0 = Release|Any CPU
		{B4E7456E-85D3-4012-B7F3-9F1E360BFEBD}.Debug|Any CPU.ActiveCfg = Debug|Any CPU
		{B4E7456E-85D3-4012-B7F3-9F1E360BFEBD}.Debug|Any CPU.Build.0 = Debug|Any CPU
		{B4E7456E-85D3-4012-B7F3-9F1E360BFEBD}.Release|Any CPU.ActiveCfg = Release|Any CPU
		{B4E7456E-85D3-4012-B7F3-9F1E360BFEBD}.Release|Any CPU.Build.0 = Release|Any CPU
	EndGlobalSection
	GlobalSection(SolutionProperties) = preSolution
		HideSolutionNode = FALSE
	EndGlobalSection
	GlobalSection(NestedProjects) = preSolution
		{047DB9FB-B1BC-445A-895F-D2D865079DF2} = {5B86E2C8-38BD-43F3-BD62-F8EE5B5536DF}
		{DD507060-B8F8-4EE7-8158-FB8E5929231E} = {5B86E2C8-38BD-43F3-BD62-F8EE5B5536DF}
		{1B3F886D-FFF8-4B7C-A79C-FC15AFF57F5D} = {5B86E2C8-38BD-43F3-BD62-F8EE5B5536DF}
		{1AFF56F8-8BD0-4FFC-A667-8B30CDFF3459} = {1B3F886D-FFF8-4B7C-A79C-FC15AFF57F5D}
		{03950A12-BF62-48CA-8621-CEFC041E1152} = {1B3F886D-FFF8-4B7C-A79C-FC15AFF57F5D}
		{F2B3992A-97C2-4200-80CC-0548ED6C0168} = {1B3F886D-FFF8-4B7C-A79C-FC15AFF57F5D}
		{89A7BC74-0753-4647-8F33-7268ACEC343F} = {1B3F886D-FFF8-4B7C-A79C-FC15AFF57F5D}
		{3399E0C2-75AD-41DE-8DF7-71B47B536347} = {03950A12-BF62-48CA-8621-CEFC041E1152}
		{B4E7456E-85D3-4012-B7F3-9F1E360BFEBD} = {1AFF56F8-8BD0-4FFC-A667-8B30CDFF3459}
	EndGlobalSection
	GlobalSection(ExtensibilityGlobals) = postSolution
		SolutionGuid = {C1346CEA-3458-47D5-BEAE-9375D1B3A296}
	EndGlobalSection
EndGlobal
